
Microsoft Visual Studio Solution File, Format Version 12.00
# Visual Studio Version 17
VisualStudioVersion = 17.10.34916.146
MinimumVisualStudioVersion = 10.0.40219.1
Project("{FAE04EC0-301F-11D3-BF4B-00C04F79EFBC}") = "salarios", "salarios\salarios.csproj", "{E3217229-0B84-48BC-872D-1DF46D9254C4}"
EndProject
Global
	GlobalSection(SolutionConfigurationPlatforms) = preSolution
		Debug|Any CPU = Debug|Any CPU
		Release|Any CPU = Release|Any CPU
	EndGlobalSection
	GlobalSection(ProjectConfigurationPlatforms) = postSolution
		{E3217229-0B84-48BC-872D-1DF46D9254C4}.Debug|Any CPU.ActiveCfg = Debug|Any CPU
		{E3217229-0B84-48BC-872D-1DF46D9254C4}.Debug|Any CPU.Build.0 = Debug|Any CPU
		{E3217229-0B84-48BC-872D-1DF46D9254C4}.Release|Any CPU.ActiveCfg = Release|Any CPU
		{E3217229-0B84-48BC-872D-1DF46D9254C4}.Release|Any CPU.Build.0 = Release|Any CPU
	EndGlobalSection
	GlobalSection(SolutionProperties) = preSolution
		HideSolutionNode = FALSE
	EndGlobalSection
	GlobalSection(ExtensibilityGlobals) = postSolution
		SolutionGuid = {7C3F4AE4-18BF-4A89-A535-B638C5FEF813}
	EndGlobalSection
EndGlobal
